
Microsoft Visual Studio Solution File, Format Version 12.00
# Visual Studio 2012
Project("{E24C65DC-7377-472B-9ABA-BC803B73C61A}") = "shamizpro", "..\..\..\..\Desktop\shamizpro\", "{37FE683B-E28B-4D2D-90D6-D03BF8873D89}"
	ProjectSection(WebsiteProperties) = preProject
		TargetFrameworkMoniker = ".NETFramework,Version%3Dv4.6.1"
		Debug.AspNetCompiler.VirtualPath = "/shamizpro"
		Debug.AspNetCompiler.PhysicalPath = "..\..\..\..\Desktop\shamizpro\"
		Debug.AspNetCompiler.TargetPath = "PrecompiledWeb\shamizpro\"
		Debug.AspNetCompiler.Updateable = "true"
		Debug.AspNetCompiler.ForceOverwrite = "true"
		Debug.AspNetCompiler.FixedNames = "false"
		Debug.AspNetCompiler.Debug = "True"
		Release.AspNetCompiler.VirtualPath = "/shamizpro"
		Release.AspNetCompiler.PhysicalPath = "..\..\..\..\Desktop\shamizpro\"
		Release.AspNetCompiler.TargetPath = "PrecompiledWeb\shamizpro\"
		Release.AspNetCompiler.Updateable = "true"
		Release.AspNetCompiler.ForceOverwrite = "true"
		Release.AspNetCompiler.FixedNames = "false"
		Release.AspNetCompiler.Debug = "False"
		VWDPort = "54153"
	EndProjectSection
EndProject
Global
	GlobalSection(SolutionConfigurationPlatforms) = preSolution
		Debug|Any CPU = Debug|Any CPU
	EndGlobalSection
	GlobalSection(ProjectConfigurationPlatforms) = postSolution
		{37FE683B-E28B-4D2D-90D6-D03BF8873D89}.Debug|Any CPU.ActiveCfg = Debug|Any CPU
		{37FE683B-E28B-4D2D-90D6-D03BF8873D89}.Debug|Any CPU.Build.0 = Debug|Any CPU
	EndGlobalSection
	GlobalSection(SolutionProperties) = preSolution
		HideSolutionNode = FALSE
	EndGlobalSection
EndGlobal
